
Microsoft Visual Studio Solution File, Format Version 12.00
# Visual Studio Version 16
VisualStudioVersion = 16.0.31112.23
MinimumVisualStudioVersion = 15.0.26124.0
Project("{2150E333-8FDC-42A3-9474-1A3956D46DE8}") = "src", "src", "{1CDEAD42-2950-4FD6-BBF4-C60BED490C55}"
EndProject
Project("{9A19103F-16F7-4668-BE54-9A1E7A4F7556}") = "Core", "src\Core\Core.csproj", "{F639878C-4CB6-4E96-BDA4-1901317849B7}"
EndProject
Project("{2150E333-8FDC-42A3-9474-1A3956D46DE8}") = "testharness", "testharness", "{D183377B-4532-478B-A081-D4F5ADB1CDFF}"
EndProject
Project("{9A19103F-16F7-4668-BE54-9A1E7A4F7556}") = "Console", "testharness\Console\Console.csproj", "{253E2214-770F-4DAE-8818-953D31EFCA3C}"
EndProject
Project("{2150E333-8FDC-42A3-9474-1A3956D46DE8}") = "Solution Items", "Solution Items", "{1B5C9C48-6DC0-484C-8DC8-45F531006F5D}"
	ProjectSection(SolutionItems) = preProject
		.editorconfig = .editorconfig
		.gitignore = .gitignore
		Directory.Build.props = Directory.Build.props
		NuGet.config = NuGet.config
	EndProjectSection
EndProject
Project("{FAE04EC0-301F-11D3-BF4B-00C04F79EFBC}") = "UnitTests", "test\UnitTests\UnitTests.csproj", "{D4933644-AD28-4919-B7ED-18514D59D88E}"
EndProject
Global
	GlobalSection(SolutionConfigurationPlatforms) = preSolution
		Debug|Any CPU = Debug|Any CPU
		Debug|x64 = Debug|x64
		Debug|x86 = Debug|x86
		Release|Any CPU = Release|Any CPU
		Release|x64 = Release|x64
		Release|x86 = Release|x86
	EndGlobalSection
	GlobalSection(ProjectConfigurationPlatforms) = postSolution
		{F639878C-4CB6-4E96-BDA4-1901317849B7}.Debug|Any CPU.ActiveCfg = Debug|Any CPU
		{F639878C-4CB6-4E96-BDA4-1901317849B7}.Debug|Any CPU.Build.0 = Debug|Any CPU
		{F639878C-4CB6-4E96-BDA4-1901317849B7}.Debug|x64.ActiveCfg = Debug|Any CPU
		{F639878C-4CB6-4E96-BDA4-1901317849B7}.Debug|x64.Build.0 = Debug|Any CPU
		{F639878C-4CB6-4E96-BDA4-1901317849B7}.Debug|x86.ActiveCfg = Debug|Any CPU
		{F639878C-4CB6-4E96-BDA4-1901317849B7}.Debug|x86.Build.0 = Debug|Any CPU
		{F639878C-4CB6-4E96-BDA4-1901317849B7}.Release|Any CPU.ActiveCfg = Release|Any CPU
		{F639878C-4CB6-4E96-BDA4-1901317849B7}.Release|Any CPU.Build.0 = Release|Any CPU
		{F639878C-4CB6-4E96-BDA4-1901317849B7}.Release|x64.ActiveCfg = Release|Any CPU
		{F639878C-4CB6-4E96-BDA4-1901317849B7}.Release|x64.Build.0 = Release|Any CPU
		{F639878C-4CB6-4E96-BDA4-1901317849B7}.Release|x86.ActiveCfg = Release|Any CPU
		{F639878C-4CB6-4E96-BDA4-1901317849B7}.Release|x86.Build.0 = Release|Any CPU
		{253E2214-770F-4DAE-8818-953D31EFCA3C}.Debug|Any CPU.ActiveCfg = Debug|Any CPU
		{253E2214-770F-4DAE-8818-953D31EFCA3C}.Debug|Any CPU.Build.0 = Debug|Any CPU
		{253E2214-770F-4DAE-8818-953D31EFCA3C}.Debug|x64.ActiveCfg = Debug|Any CPU
		{253E2214-770F-4DAE-8818-953D31EFCA3C}.Debug|x64.Build.0 = Debug|Any CPU
		{253E2214-770F-4DAE-8818-953D31EFCA3C}.Debug|x86.ActiveCfg = Debug|Any CPU
		{253E2214-770F-4DAE-8818-953D31EFCA3C}.Debug|x86.Build.0 = Debug|Any CPU
		{253E2214-770F-4DAE-8818-953D31EFCA3C}.Release|Any CPU.ActiveCfg = Release|Any CPU
		{253E2214-770F-4DAE-8818-953D31EFCA3C}.Release|Any CPU.Build.0 = Release|Any CPU
		{253E2214-770F-4DAE-8818-953D31EFCA3C}.Release|x64.ActiveCfg = Release|Any CPU
		{253E2214-770F-4DAE-8818-953D31EFCA3C}.Release|x64.Build.0 = Release|Any CPU
		{253E2214-770F-4DAE-8818-953D31EFCA3C}.Release|x86.ActiveCfg = Release|Any CPU
		{253E2214-770F-4DAE-8818-953D31EFCA3C}.Release|x86.Build.0 = Release|Any CPU
		{D4933644-AD28-4919-B7ED-18514D59D88E}.Debug|Any CPU.ActiveCfg = Debug|Any CPU
		{D4933644-AD28-4919-B7ED-18514D59D88E}.Debug|Any CPU.Build.0 = Debug|Any CPU
		{D4933644-AD28-4919-B7ED-18514D59D88E}.Debug|x64.ActiveCfg = Debug|Any CPU
		{D4933644-AD28-4919-B7ED-18514D59D88E}.Debug|x64.Build.0 = Debug|Any CPU
		{D4933644-AD28-4919-B7ED-18514D59D88E}.Debug|x86.ActiveCfg = Debug|Any CPU
		{D4933644-AD28-4919-B7ED-18514D59D88E}.Debug|x86.Build.0 = Debug|Any CPU
		{D4933644-AD28-4919-B7ED-18514D59D88E}.Release|Any CPU.ActiveCfg = Release|Any CPU
		{D4933644-AD28-4919-B7ED-18514D59D88E}.Release|Any CPU.Build.0 = Release|Any CPU
		{D4933644-AD28-4919-B7ED-18514D59D88E}.Release|x64.ActiveCfg = Release|Any CPU
		{D4933644-AD28-4919-B7ED-18514D59D88E}.Release|x64.Build.0 = Release|Any CPU
		{D4933644-AD28-4919-B7ED-18514D59D88E}.Release|x86.ActiveCfg = Release|Any CPU
		{D4933644-AD28-4919-B7ED-18514D59D88E}.Release|x86.Build.0 = Release|Any CPU
	EndGlobalSection
	GlobalSection(SolutionProperties) = preSolution
		HideSolutionNode = FALSE
	EndGlobalSection
	GlobalSection(NestedProjects) = preSolution
		{F639878C-4CB6-4E96-BDA4-1901317849B7} = {1CDEAD42-2950-4FD6-BBF4-C60BED490C55}
		{253E2214-770F-4DAE-8818-953D31EFCA3C} = {D183377B-4532-478B-A081-D4F5ADB1CDFF}
	EndGlobalSection
	GlobalSection(ExtensibilityGlobals) = postSolution
		SolutionGuid = {6CD43A2A-ADF6-48AA-8701-F9CBF4C342C3}
	EndGlobalSection
EndGlobal
